{
  "name": "tree-view-order",
  "version": "1.1.3",
  "lockfileVersion": 2,
  "requires": true,
  "packages": {
    "": {
      "name": "tree-view-order",
      "version": "1.1.2",
      "license": "MIT",
      "dependencies": {
        "natsort": "^2.0.3",
        "natural-compare-lite": "^1.4.0"
      },
      "engines": {
        "atom": ">=1.100.0 <2.0.0"
      }
    },
    "node_modules/natsort": {
      "version": "2.0.3",
      "resolved": "https://registry.npmjs.org/natsort/-/natsort-2.0.3.tgz",
      "integrity": "sha512-fuzhAiXcdNAIg2f5kqFOAABvX+uDoJvZs6DvCgioPf7FRAMHsw6G4kH7GFjSZ31yNFkNJuuOIilE8jl0JkavVQ==",
      "license": "MIT"
    },
    "node_modules/natural-compare-lite": {
      "version": "1.4.0",
      "resolved": "https://registry.npmjs.org/natural-compare-lite/-/natural-compare-lite-1.4.0.tgz",
      "integrity": "sha512-Tj+HTDSJJKaZnfiuw+iaF9skdPpTo2GtEly5JHnWV/hfv2Qj/9RKsGISQtLh2ox3l5EAGw487hnBee0sIJ6v2g==",
      "license": "MIT"
    }
  },
  "dependencies": {
    "natsort": {
      "version": "2.0.3",
      "resolved": "https://registry.npmjs.org/natsort/-/natsort-2.0.3.tgz",
      "integrity": "sha512-fuzhAiXcdNAIg2f5kqFOAABvX+uDoJvZs6DvCgioPf7FRAMHsw6G4kH7GFjSZ31yNFkNJuuOIilE8jl0JkavVQ=="
    },
    "natural-compare-lite": {
      "version": "1.4.0",
      "resolved": "https://registry.npmjs.org/natural-compare-lite/-/natural-compare-lite-1.4.0.tgz",
      "integrity": "sha512-Tj+HTDSJJKaZnfiuw+iaF9skdPpTo2GtEly5JHnWV/hfv2Qj/9RKsGISQtLh2ox3l5EAGw487hnBee0sIJ6v2g=="
    }
  }
}
